{
  "name": "airconsole",
  "version": "1.0.0",
  "lockfileVersion": 1,
  "requires": true,
  "dependencies": {
    "byte": {
      "version": "1.1.6",
      "resolved": "https://registry.npmjs.org/byte/-/byte-1.1.6.tgz",
      "integrity": "sha1-xfQlkh7QHmktqTEiiiQPi66WRLE=",
      "requires": {
        "debug": "2.6.8",
        "long": "3.2.0",
        "utility": "1.12.0"
      }
    },
    "copy-to": {
      "version": "2.0.1",
      "resolved": "https://registry.npmjs.org/copy-to/-/copy-to-2.0.1.tgz",
      "integrity": "sha1-JoD7uAaKSNCGVrYJgJK9r8kG9KU="
    },
    "debug": {
      "version": "2.6.8",
      "resolved": "https://registry.npmjs.org/debug/-/debug-2.6.8.tgz",
      "integrity": "sha1-5zFTHKLt4n0YgiJCfaF4IdaP9Pw=",
      "requires": {
        "ms": "2.0.0"
      }
    },
    "escape-html": {
      "version": "1.0.3",
      "resolved": "https://registry.npmjs.org/escape-html/-/escape-html-1.0.3.tgz",
      "integrity": "sha1-Aljq5NPQwJdN4cFpGI7wBR0dGYg="
    },
    "java.io": {
      "version": "2.3.0",
      "resolved": "https://registry.npmjs.org/java.io/-/java.io-2.3.0.tgz",
      "integrity": "sha1-OHOFIKlnT+nKUMl4PeVHWZhMu4Y=",
      "requires": {
        "byte": "1.1.6",
        "debug": "2.6.8",
        "utility": "1.12.0"
      }
    },
    "long": {
      "version": "3.2.0",
      "resolved": "https://registry.npmjs.org/long/-/long-3.2.0.tgz",
      "integrity": "sha1-2CG3E4yhy1gcFymQ7xTbIAtcR0s="
    },
    "ms": {
      "version": "2.0.0",
      "resolved": "https://registry.npmjs.org/ms/-/ms-2.0.0.tgz",
      "integrity": "sha1-VgiurfwAvmwpAd9fmGF4jeDVl8g="
    },
    "utility": {
      "version": "1.12.0",
      "resolved": "https://registry.npmjs.org/utility/-/utility-1.12.0.tgz",
      "integrity": "sha1-vWkweGOjiE7liCElEhW5hy+4QFg=",
      "requires": {
        "copy-to": "2.0.1",
        "escape-html": "1.0.3"
      }
    },
    "uuid": {
      "version": "3.1.0",
      "resolved": "https://registry.npmjs.org/uuid/-/uuid-3.1.0.tgz",
      "integrity": "sha512-DIWtzUkw04M4k3bf1IcpS2tngXEL26YUD2M0tMDUpnUrz2hgzUBlD55a4FjdLGPvfHxS6uluGWvaVEqgBcVa+g=="
    }
  }
}
